
Microsoft Visual Studio Solution File, Format Version 12.00
# Visual Studio 15
VisualStudioVersion = 15.0.28307.572
MinimumVisualStudioVersion = 10.0.40219.1
Project("{FAE04EC0-301F-11D3-BF4B-00C04F79EFBC}") = "pepperspray", "pepperspray\pepperspray.csproj", "{EDE16878-AC30-42B1-AF6F-7DB706F0197E}"
EndProject
Project("{FAE04EC0-301F-11D3-BF4B-00C04F79EFBC}") = "peppersprayPlugin", "peppersprayPlugin\peppersprayPlugin.csproj", "{2452B28A-0566-4B34-BCC2-EB5DAF84E0D6}"
EndProject
Global
	GlobalSection(SolutionConfigurationPlatforms) = preSolution
		Debug|Any CPU = Debug|Any CPU
		Release|Any CPU = Release|Any CPU
	EndGlobalSection
	GlobalSection(ProjectConfigurationPlatforms) = postSolution
		{EDE16878-AC30-42B1-AF6F-7DB706F0197E}.Debug|Any CPU.ActiveCfg = Debug|Any CPU
		{EDE16878-AC30-42B1-AF6F-7DB706F0197E}.Debug|Any CPU.Build.0 = Debug|Any CPU
		{EDE16878-AC30-42B1-AF6F-7DB706F0197E}.Release|Any CPU.ActiveCfg = Release|Any CPU
		{EDE16878-AC30-42B1-AF6F-7DB706F0197E}.Release|Any CPU.Build.0 = Release|Any CPU
		{2452B28A-0566-4B34-BCC2-EB5DAF84E0D6}.Debug|Any CPU.ActiveCfg = Debug|Any CPU
		{2452B28A-0566-4B34-BCC2-EB5DAF84E0D6}.Debug|Any CPU.Build.0 = Debug|Any CPU
		{2452B28A-0566-4B34-BCC2-EB5DAF84E0D6}.Release|Any CPU.ActiveCfg = Release|Any CPU
		{2452B28A-0566-4B34-BCC2-EB5DAF84E0D6}.Release|Any CPU.Build.0 = Release|Any CPU
	EndGlobalSection
	GlobalSection(SolutionProperties) = preSolution
		HideSolutionNode = FALSE
	EndGlobalSection
	GlobalSection(ExtensibilityGlobals) = postSolution
		SolutionGuid = {60332F66-B90F-4835-AC5E-CD96AD2522A8}
	EndGlobalSection
EndGlobal
